
Microsoft Visual Studio Solution File, Format Version 12.00
# Visual Studio Version 16
VisualStudioVersion = 16.0.31205.134
MinimumVisualStudioVersion = 10.0.40219.1
Project("{FAE04EC0-301F-11D3-BF4B-00C04F79EFBC}") = "Todo.Android", "Todo\Todo.Android\Todo.Android.csproj", "{A5CB4280-AFAA-4DEE-82DE-C040B4875A4E}"
EndProject
Project("{9A19103F-16F7-4668-BE54-9A1E7A4F7556}") = "Todo", "Todo\Todo\Todo.csproj", "{EC529021-00A7-45BC-B625-65A215C70D5E}"
EndProject
Global
	GlobalSection(SolutionConfigurationPlatforms) = preSolution
		Debug|Any CPU = Debug|Any CPU
		Release|Any CPU = Release|Any CPU
	EndGlobalSection
	GlobalSection(ProjectConfigurationPlatforms) = postSolution
		{A5CB4280-AFAA-4DEE-82DE-C040B4875A4E}.Debug|Any CPU.ActiveCfg = Debug|Any CPU
		{A5CB4280-AFAA-4DEE-82DE-C040B4875A4E}.Debug|Any CPU.Build.0 = Debug|Any CPU
		{A5CB4280-AFAA-4DEE-82DE-C040B4875A4E}.Debug|Any CPU.Deploy.0 = Debug|Any CPU
		{A5CB4280-AFAA-4DEE-82DE-C040B4875A4E}.Release|Any CPU.ActiveCfg = Release|Any CPU
		{A5CB4280-AFAA-4DEE-82DE-C040B4875A4E}.Release|Any CPU.Build.0 = Release|Any CPU
		{A5CB4280-AFAA-4DEE-82DE-C040B4875A4E}.Release|Any CPU.Deploy.0 = Release|Any CPU
		{EC529021-00A7-45BC-B625-65A215C70D5E}.Debug|Any CPU.ActiveCfg = Debug|Any CPU
		{EC529021-00A7-45BC-B625-65A215C70D5E}.Debug|Any CPU.Build.0 = Debug|Any CPU
		{EC529021-00A7-45BC-B625-65A215C70D5E}.Debug|Any CPU.Deploy.0 = Debug|Any CPU
		{EC529021-00A7-45BC-B625-65A215C70D5E}.Release|Any CPU.ActiveCfg = Release|Any CPU
		{EC529021-00A7-45BC-B625-65A215C70D5E}.Release|Any CPU.Build.0 = Release|Any CPU
		{EC529021-00A7-45BC-B625-65A215C70D5E}.Release|Any CPU.Deploy.0 = Release|Any CPU
	EndGlobalSection
	GlobalSection(SolutionProperties) = preSolution
		HideSolutionNode = FALSE
	EndGlobalSection
	GlobalSection(ExtensibilityGlobals) = postSolution
		SolutionGuid = {95681B81-BA3F-404C-BF80-8D96D06C2859}
	EndGlobalSection
EndGlobal
